
Microsoft Visual Studio Solution File, Format Version 11.00
# Visual Studio 2010
Project("{FAE04EC0-301F-11D3-BF4B-00C04F79EFBC}") = "VR Interaction", "Assembly-CSharp.csproj", "{07E7AA45-A5D7-9C36-9056-F7FCD22C72D4}"
EndProject
Project("{FAE04EC0-301F-11D3-BF4B-00C04F79EFBC}") = "VR Interaction", "Assembly-CSharp-Editor.csproj", "{BA5845A9-9A29-690C-FBBE-56ECDFD09DA9}"
EndProject
Global
	GlobalSection(SolutionConfigurationPlatforms) = preSolution
		Debug|Any CPU = Debug|Any CPU
		Release|Any CPU = Release|Any CPU
	EndGlobalSection
	GlobalSection(ProjectConfigurationPlatforms) = postSolution
		{07E7AA45-A5D7-9C36-9056-F7FCD22C72D4}.Debug|Any CPU.ActiveCfg = Debug|Any CPU
		{07E7AA45-A5D7-9C36-9056-F7FCD22C72D4}.Debug|Any CPU.Build.0 = Debug|Any CPU
		{07E7AA45-A5D7-9C36-9056-F7FCD22C72D4}.Release|Any CPU.ActiveCfg = Release|Any CPU
		{07E7AA45-A5D7-9C36-9056-F7FCD22C72D4}.Release|Any CPU.Build.0 = Release|Any CPU
		{BA5845A9-9A29-690C-FBBE-56ECDFD09DA9}.Debug|Any CPU.ActiveCfg = Debug|Any CPU
		{BA5845A9-9A29-690C-FBBE-56ECDFD09DA9}.Debug|Any CPU.Build.0 = Debug|Any CPU
		{BA5845A9-9A29-690C-FBBE-56ECDFD09DA9}.Release|Any CPU.ActiveCfg = Release|Any CPU
		{BA5845A9-9A29-690C-FBBE-56ECDFD09DA9}.Release|Any CPU.Build.0 = Release|Any CPU
	EndGlobalSection
	GlobalSection(SolutionProperties) = preSolution
		HideSolutionNode = FALSE
	EndGlobalSection
	GlobalSection(MonoDevelopProperties) = preSolution
		StartupItem = Assembly-CSharp.csproj
	EndGlobalSection
EndGlobal
